
Microsoft Visual Studio Solution File, Format Version 12.00
# Visual Studio Version 17
VisualStudioVersion = 17.5.33414.496
MinimumVisualStudioVersion = 10.0.40219.1
Project("{FAE04EC0-301F-11D3-BF4B-00C04F79EFBC}") = "WebName", "WebName\WebName.csproj", "{BF308CAE-30D7-40A4-861B-6C36B2ADE0D5}"
EndProject
Global
	GlobalSection(SolutionConfigurationPlatforms) = preSolution
		Debug|Any CPU = Debug|Any CPU
		Release|Any CPU = Release|Any CPU
	EndGlobalSection
	GlobalSection(ProjectConfigurationPlatforms) = postSolution
		{BF308CAE-30D7-40A4-861B-6C36B2ADE0D5}.Debug|Any CPU.ActiveCfg = Debug|Any CPU
		{BF308CAE-30D7-40A4-861B-6C36B2ADE0D5}.Debug|Any CPU.Build.0 = Debug|Any CPU
		{BF308CAE-30D7-40A4-861B-6C36B2ADE0D5}.Release|Any CPU.ActiveCfg = Release|Any CPU
		{BF308CAE-30D7-40A4-861B-6C36B2ADE0D5}.Release|Any CPU.Build.0 = Release|Any CPU
	EndGlobalSection
	GlobalSection(SolutionProperties) = preSolution
		HideSolutionNode = FALSE
	EndGlobalSection
	GlobalSection(ExtensibilityGlobals) = postSolution
		SolutionGuid = {5C90A0F0-AB63-4653-8EDF-2ADFEF4E6D61}
	EndGlobalSection
EndGlobal
